
Microsoft Visual Studio Solution File, Format Version 12.00
# Visual Studio Version 16
VisualStudioVersion = 25.0.1706.8
MinimumVisualStudioVersion = 10.0.40219.1
Project("{FAE04EC0-301F-11D3-BF4B-00C04F79EFBC}") = "ShopAdminApp.Android", "ShopAdminApp\ShopAdminApp.Android\ShopAdminApp.Android.csproj", "{5999869D-9648-48D7-9406-5C4F20DF13F2}"
EndProject
Project("{FAE04EC0-301F-11D3-BF4B-00C04F79EFBC}") = "ShopAdminApp.iOS", "ShopAdminApp\ShopAdminApp.iOS\ShopAdminApp.iOS.csproj", "{CA009A92-DED0-40C0-BC93-2ED21EC1C73F}"
EndProject
Project("{FAE04EC0-301F-11D3-BF4B-00C04F79EFBC}") = "ShopAdminApp", "ShopAdminApp\ShopAdminApp\ShopAdminApp.csproj", "{12EAF125-58FB-4E52-B5FD-24B6780C0CC5}"
EndProject
Global
	GlobalSection(SolutionConfigurationPlatforms) = preSolution
		Debug|Any CPU = Debug|Any CPU
		Release|Any CPU = Release|Any CPU
		Debug|iPhoneSimulator = Debug|iPhoneSimulator
		Release|iPhoneSimulator = Release|iPhoneSimulator
		Debug|iPhone = Debug|iPhone
		Release|iPhone = Release|iPhone
	EndGlobalSection
	GlobalSection(ProjectConfigurationPlatforms) = postSolution
		{5999869D-9648-48D7-9406-5C4F20DF13F2}.Debug|Any CPU.ActiveCfg = Debug|Any CPU
		{5999869D-9648-48D7-9406-5C4F20DF13F2}.Debug|Any CPU.Build.0 = Debug|Any CPU
		{5999869D-9648-48D7-9406-5C4F20DF13F2}.Release|Any CPU.ActiveCfg = Release|Any CPU
		{5999869D-9648-48D7-9406-5C4F20DF13F2}.Release|Any CPU.Build.0 = Release|Any CPU
		{5999869D-9648-48D7-9406-5C4F20DF13F2}.Debug|iPhoneSimulator.ActiveCfg = Debug|Any CPU
		{5999869D-9648-48D7-9406-5C4F20DF13F2}.Debug|iPhoneSimulator.Build.0 = Debug|Any CPU
		{5999869D-9648-48D7-9406-5C4F20DF13F2}.Release|iPhoneSimulator.ActiveCfg = Release|Any CPU
		{5999869D-9648-48D7-9406-5C4F20DF13F2}.Release|iPhoneSimulator.Build.0 = Release|Any CPU
		{5999869D-9648-48D7-9406-5C4F20DF13F2}.Debug|iPhone.ActiveCfg = Debug|Any CPU
		{5999869D-9648-48D7-9406-5C4F20DF13F2}.Debug|iPhone.Build.0 = Debug|Any CPU
		{5999869D-9648-48D7-9406-5C4F20DF13F2}.Release|iPhone.ActiveCfg = Release|Any CPU
		{5999869D-9648-48D7-9406-5C4F20DF13F2}.Release|iPhone.Build.0 = Release|Any CPU
		{CA009A92-DED0-40C0-BC93-2ED21EC1C73F}.Debug|Any CPU.ActiveCfg = Debug|iPhoneSimulator
		{CA009A92-DED0-40C0-BC93-2ED21EC1C73F}.Debug|Any CPU.Build.0 = Debug|iPhoneSimulator
		{CA009A92-DED0-40C0-BC93-2ED21EC1C73F}.Release|Any CPU.ActiveCfg = Release|iPhoneSimulator
		{CA009A92-DED0-40C0-BC93-2ED21EC1C73F}.Release|Any CPU.Build.0 = Release|iPhoneSimulator
		{CA009A92-DED0-40C0-BC93-2ED21EC1C73F}.Debug|iPhoneSimulator.ActiveCfg = Debug|iPhoneSimulator
		{CA009A92-DED0-40C0-BC93-2ED21EC1C73F}.Debug|iPhoneSimulator.Build.0 = Debug|iPhoneSimulator
		{CA009A92-DED0-40C0-BC93-2ED21EC1C73F}.Release|iPhoneSimulator.ActiveCfg = Release|iPhoneSimulator
		{CA009A92-DED0-40C0-BC93-2ED21EC1C73F}.Release|iPhoneSimulator.Build.0 = Release|iPhoneSimulator
		{CA009A92-DED0-40C0-BC93-2ED21EC1C73F}.Debug|iPhone.ActiveCfg = Debug|iPhone
		{CA009A92-DED0-40C0-BC93-2ED21EC1C73F}.Debug|iPhone.Build.0 = Debug|iPhone
		{CA009A92-DED0-40C0-BC93-2ED21EC1C73F}.Release|iPhone.ActiveCfg = Release|iPhone
		{CA009A92-DED0-40C0-BC93-2ED21EC1C73F}.Release|iPhone.Build.0 = Release|iPhone
		{12EAF125-58FB-4E52-B5FD-24B6780C0CC5}.Debug|Any CPU.ActiveCfg = Debug|Any CPU
		{12EAF125-58FB-4E52-B5FD-24B6780C0CC5}.Debug|Any CPU.Build.0 = Debug|Any CPU
		{12EAF125-58FB-4E52-B5FD-24B6780C0CC5}.Release|Any CPU.ActiveCfg = Release|Any CPU
		{12EAF125-58FB-4E52-B5FD-24B6780C0CC5}.Release|Any CPU.Build.0 = Release|Any CPU
		{12EAF125-58FB-4E52-B5FD-24B6780C0CC5}.Debug|iPhoneSimulator.ActiveCfg = Debug|Any CPU
		{12EAF125-58FB-4E52-B5FD-24B6780C0CC5}.Debug|iPhoneSimulator.Build.0 = Debug|Any CPU
		{12EAF125-58FB-4E52-B5FD-24B6780C0CC5}.Release|iPhoneSimulator.ActiveCfg = Release|Any CPU
		{12EAF125-58FB-4E52-B5FD-24B6780C0CC5}.Release|iPhoneSimulator.Build.0 = Release|Any CPU
		{12EAF125-58FB-4E52-B5FD-24B6780C0CC5}.Debug|iPhone.ActiveCfg = Debug|Any CPU
		{12EAF125-58FB-4E52-B5FD-24B6780C0CC5}.Debug|iPhone.Build.0 = Debug|Any CPU
		{12EAF125-58FB-4E52-B5FD-24B6780C0CC5}.Release|iPhone.ActiveCfg = Release|Any CPU
		{12EAF125-58FB-4E52-B5FD-24B6780C0CC5}.Release|iPhone.Build.0 = Release|Any CPU
	EndGlobalSection
	GlobalSection(SolutionProperties) = preSolution
		HideSolutionNode = FALSE
	EndGlobalSection
	GlobalSection(ExtensibilityGlobals) = postSolution
		SolutionGuid = {12E55288-9467-45DB-8410-2099C761BC42}
	EndGlobalSection
	GlobalSection(MonoDevelopProperties) = preSolution
		Policies = $0
		$0.DotNetNamingPolicy = $1
		$1.DirectoryNamespaceAssociation = PrefixedHierarchical
		$0.TextStylePolicy = $2
		$2.inheritsSet = null
		$2.scope = text/x-vs
	EndGlobalSection
EndGlobal
